// !$*UTF8*$!
{
	archiveVersion = 1;
	classes = {
	};
	objectVersion = 50;
	objects = {

/* Begin PBXBuildFile section */
		735D2021245CBD1D00405CF9 /* AppDelegate.swift in Sources */ = {isa = PBXBuildFile; fileRef = 735D2020245CBD1D00405CF9 /* AppDelegate.swift */; };
		735D2023245CBD1D00405CF9 /* SceneDelegate.swift in Sources */ = {isa = PBXBuildFile; fileRef = 735D2022245CBD1D00405CF9 /* SceneDelegate.swift */; };
		735D2025245CBD1D00405CF9 /* ViewController.swift in Sources */ = {isa = PBXBuildFile; fileRef = 735D2024245CBD1D00405CF9 /* ViewController.swift */; };
		735D2028245CBD1D00405CF9 /* Main.storyboard in Resources */ = {isa = PBXBuildFile; fileRef = 735D2026245CBD1D00405CF9 /* Main.storyboard */; };
		735D202B245CBD1D00405CF9 /* JapaneseStudy.xcdatamodeld in Sources */ = {isa = PBXBuildFile; fileRef = 735D2029245CBD1D00405CF9 /* JapaneseStudy.xcdatamodeld */; };
		735D202D245CBD1F00405CF9 /* Assets.xcassets in Resources */ = {isa = PBXBuildFile; fileRef = 735D202C245CBD1F00405CF9 /* Assets.xcassets */; };
		735D2030245CBD1F00405CF9 /* LaunchScreen.storyboard in Resources */ = {isa = PBXBuildFile; fileRef = 735D202E245CBD1F00405CF9 /* LaunchScreen.storyboard */; };
/* End PBXBuildFile section */

/* Begin PBXFileReference section */
		735D201D245CBD1D00405CF9 /* JapaneseStudy.app */ = {isa = PBXFileReference; explicitFileType = wrapper.application; includeInIndex = 0; path = JapaneseStudy.app; sourceTree = BUILT_PRODUCTS_DIR; };
		735D2020245CBD1D00405CF9 /* AppDelegate.swift */ = {isa = PBXFileReference; lastKnownFileType = sourcecode.swift; path = AppDelegate.swift; sourceTree = "<group>"; };
		735D2022245CBD1D00405CF9 /* SceneDelegate.swift */ = {isa = PBXFileReference; lastKnownFileType = sourcecode.swift; path = SceneDelegate.swift; sourceTree = "<group>"; };
		735D2024245CBD1D00405CF9 /* ViewController.swift */ = {isa = PBXFileReference; lastKnownFileType = sourcecode.swift; path = ViewController.swift; sourceTree = "<group>"; };
		735D2027245CBD1D00405CF9 /* Base */ = {isa = PBXFileReference; lastKnownFileType = file.storyboard; name = Base; path = Base.lproj/Main.storyboard; sourceTree = "<group>"; };
		735D202A245CBD1D00405CF9 /* JapaneseStudy.xcdatamodel */ = {isa = PBXFileReference; lastKnownFileType = wrapper.xcdatamodel; path = JapaneseStudy.xcdatamodel; sourceTree = "<group>"; };
		735D202C245CBD1F00405CF9 /* Assets.xcassets */ = {isa = PBXFileReference; lastKnownFileType = folder.assetcatalog; path = Assets.xcassets; sourceTree = "<group>"; };
		735D202F245CBD1F00405CF9 /* Base */ = {isa = PBXFileReference; lastKnownFileType = file.storyboard; name = Base; path = Base.lproj/LaunchScreen.storyboard; sourceTree = "<group>"; };
		735D2031245CBD1F00405CF9 /* Info.plist */ = {isa = PBXFileReference; lastKnownFileType = text.plist.xml; path = Info.plist; sourceTree = "<group>"; };
/* End PBXFileReference section */

/* Begin PBXFrameworksBuildPhase section */
		735D201A245CBD1D00405CF9 /* Frameworks */ = {
			isa = PBXFrameworksBuildPhase;
			buildActionMask = 2147483647;
			files = (
			);
			runOnlyForDeploymentPostprocessing = 0;
		};
/* End PBXFrameworksBuildPhase section */

/* Begin PBXGroup section */
		735D2014245CBD1D00405CF9 = {
			isa = PBXGroup;
			children = (
				735D201F245CBD1D00405CF9 /* JapaneseStudy */,
				735D201E245CBD1D00405CF9 /* Products */,
			);
			sourceTree = "<group>";
		};
		735D201E245CBD1D00405CF9 /* Products */ = {
			isa = PBXGroup;
			children = (
				735D201D245CBD1D00405CF9 /* JapaneseStudy.app */,
			);
			name = Products;
			sourceTree = "<group>";
		};
		735D201F245CBD1D00405CF9 /* JapaneseStudy */ = {
			isa = PBXGroup;
			children = (
				735D2020245CBD1D00405CF9 /* AppDelegate.swift */,
				735D2022245CBD1D00405CF9 /* SceneDelegate.swift */,
				735D2024245CBD1D00405CF9 /* ViewController.swift */,
				735D2026245CBD1D00405CF9 /* Main.storyboard */,
				735D202C245CBD1F00405CF9 /* Assets.xcassets */,
				735D202E245CBD1F00405CF9 /* LaunchScreen.storyboard */,
				735D2031245CBD1F00405CF9 /* Info.plist */,
				735D2029245CBD1D00405CF9 /* JapaneseStudy.xcdatamodeld */,
			);
			path = JapaneseStudy;
			sourceTree = "<group>";
		};
/* End PBXGroup section */

/* Begin PBXNativeTarget section */
		735D201C245CBD1D00405CF9 /* JapaneseStudy */ = {
			isa = PBXNativeTarget;
			buildConfigurationList = 735D2034245CBD1F00405CF9 /* Build configuration list for PBXNativeTarget "JapaneseStudy" */;
			buildPhases = (
				735D2019245CBD1D00405CF9 /* Sources */,
				735D201A245CBD1D00405CF9 /* Frameworks */,
				735D201B245CBD1D00405CF9 /* Resources */,
			);
			buildRules = (
			);
			dependencies = (
			);
			name = JapaneseStudy;
			productName = JapaneseStudy;
			productReference = 735D201D245CBD1D00405CF9 /* JapaneseStudy.app */;
			productType = "com.apple.product-type.application";
		};
/* End PBXNativeTarget section */

/* Begin PBXProject section */
		735D2015245CBD1D00405CF9 /* Project object */ = {
			isa = PBXProject;
			attributes = {
				LastSwiftUpdateCheck = 1140;
				LastUpgradeCheck = 1140;
				ORGANIZATIONNAME = "Taylor McLaughlin";
				TargetAttributes = {
					735D201C245CBD1D00405CF9 = {
						CreatedOnToolsVersion = 11.4.1;
					};
				};
			};
			buildConfigurationList = 735D2018245CBD1D00405CF9 /* Build configuration list for PBXProject "JapaneseStudy" */;
			compatibilityVersion = "Xcode 9.3";
			developmentRegion = en;
			hasScannedForEncodings = 0;
			knownRegions = (
				en,
				Base,
			);
			mainGroup = 735D2014245CBD1D00405CF9;
			productRefGroup = 735D201E245CBD1D00405CF9 /* Products */;
			projectDirPath = "";
			projectRoot = "";
			targets = (
				735D201C245CBD1D00405CF9 /* JapaneseStudy */,
			);
		};
/* End PBXProject section */

/* Begin PBXResourcesBuildPhase section */
		735D201B245CBD1D00405CF9 /* Resources */ = {
			isa = PBXResourcesBuildPhase;
			buildActionMask = 2147483647;
			files = (
				735D2030245CBD1F00405CF9 /* LaunchScreen.storyboard in Resources */,
				735D202D245CBD1F00405CF9 /* Assets.xcassets in Resources */,
				735D2028245CBD1D00405CF9 /* Main.storyboard in Resources */,
			);
			runOnlyForDeploymentPostprocessing = 0;
		};
/* End PBXResourcesBuildPhase section */

/* Begin PBXSourcesBuildPhase section */
		735D2019245CBD1D00405CF9 /* Sources */ = {
			isa = PBXSourcesBuildPhase;
			buildActionMask = 2147483647;
			files = (
				735D2025245CBD1D00405CF9 /* ViewController.swift in Sources */,
				735D2021245CBD1D00405CF9 /* AppDelegate.swift in Sources */,
				735D202B245CBD1D00405CF9 /* JapaneseStudy.xcdatamodeld in Sources */,
				735D2023245CBD1D00405CF9 /* SceneDelegate.swift in Sources */,
			);
			runOnlyForDeploymentPostprocessing = 0;
		};
/* End PBXSourcesBuildPhase section */

/* Begin PBXVariantGroup section */
		735D2026245CBD1D00405CF9 /* Main.storyboard */ = {
			isa = PBXVariantGroup;
			children = (
				735D2027245CBD1D00405CF9 /* Base */,
			);
			name = Main.storyboard;
			sourceTree = "<group>";
		};
		735D202E245CBD1F00405CF9 /* LaunchScreen.storyboard */ = {
			isa = PBXVariantGroup;
			children = (
				735D202F245CBD1F00405CF9 /* Base */,
			);
			name = LaunchScreen.storyboard;
			sourceTree = "<group>";
		};
/* End PBXVariantGroup section */

/* Begin XCBuildConfiguration section */
		735D2032245CBD1F00405CF9 /* Debug */ = {
			isa = XCBuildConfiguration;
			buildSettings = {
				ALWAYS_SEARCH_USER_PATHS = NO;
				CLANG_ANALYZER_NONNULL = YES;
				CLANG_ANALYZER_NUMBER_OBJECT_CONVERSION = YES_AGGRESSIVE;
				CLANG_CXX_LANGUAGE_STANDARD = "gnu++14";
				CLANG_CXX_LIBRARY = "libc++";
				CLANG_ENABLE_MODULES = YES;
				CLANG_ENABLE_OBJC_ARC = YES;
				CLANG_ENABLE_OBJC_WEAK = YES;
				CLANG_WARN_BLOCK_CAPTURE_AUTORELEASING = YES;
				CLANG_WARN_BOOL_CONVERSION = YES;
				CLANG_WARN_COMMA = YES;
				CLANG_WARN_CONSTANT_CONVERSION = YES;
				CLANG_WARN_DEPRECATED_OBJC_IMPLEMENTATIONS = YES;
				CLANG_WARN_DIRECT_OBJC_ISA_USAGE = YES_ERROR;
				CLANG_WARN_DOCUMENTATION_COMMENTS = YES;
				CLANG_WARN_EMPTY_BODY = YES;
				CLANG_WARN_ENUM_CONVERSION = YES;
				CLANG_WARN_INFINITE_RECURSION = YES;
				CLANG_WARN_INT_CONVERSION = YES;
				CLANG_WARN_NON_LITERAL_NULL_CONVERSION = YES;
				CLANG_WARN_OBJC_IMPLICIT_RETAIN_SELF = YES;
				CLANG_WARN_OBJC_LITERAL_CONVERSION = YES;
				CLANG_WARN_OBJC_ROOT_CLASS = YES_ERROR;
				CLANG_WARN_RANGE_LOOP_ANALYSIS = YES;
				CLANG_WARN_STRICT_PROTOTYPES = YES;
				CLANG_WARN_SUSPICIOUS_MOVE = YES;
				CLANG_WARN_UNGUARDED_AVAILABILITY = YES_AGGRESSIVE;
				CLANG_WARN_UNREACHABLE_CODE = YES;
				CLANG_WARN__DUPLICATE_METHOD_MATCH = YES;
				COPY_PHASE_STRIP = NO;
				DEBUG_INFORMATION_FORMAT = dwarf;
				ENABLE_STRICT_OBJC_MSGSEND = YES;
				ENABLE_TESTABILITY = YES;
				GCC_C_LANGUAGE_STANDARD = gnu11;
				GCC_DYNAMIC_NO_PIC = NO;
				GCC_NO_COMMON_BLOCKS = YES;
				GCC_OPTIMIZATION_LEVEL = 0;
				GCC_PREPROCESSOR_DEFINITIONS = (
					"DEBUG=1",
					"$(inherited)",
				);
				GCC_WARN_64_TO_32_BIT_CONVERSION = YES;
				GCC_WARN_ABOUT_RETURN_TYPE = YES_ERROR;
				GCC_WARN_UNDECLARED_SELECTOR = YES;
				GCC_WARN_UNINITIALIZED_AUTOS = YES_AGGRESSIVE;
				GCC_WARN_UNUSED_FUNCTION = YES;
				GCC_WARN_UNUSED_VARIABLE = YES;
				IPHONEOS_DEPLOYMENT_TARGET = 13.4;
				MTL_ENABLE_DEBUG_INFO = INCLUDE_SOURCE;
				MTL_FAST_MATH = YES;
				ONLY_ACTIVE_ARCH = YES;
				SDKROOT = iphoneos;
				SWIFT_ACTIVE_COMPILATION_CONDITIONS = DEBUG;
				SWIFT_OPTIMIZATION_LEVEL = "-Onone";
			};
			name = Debug;
		};
		735D2033245CBD1F00405CF9 /* Release */ = {
			isa = XCBuildConfiguration;
			buildSettings = {
				ALWAYS_SEARCH_USER_PATHS = NO;
				CLANG_ANALYZER_NONNULL = YES;
				CLANG_ANALYZER_NUMBER_OBJECT_CONVERSION = YES_AGGRESSIVE;
				CLANG_CXX_LANGUAGE_STANDARD = "gnu++14";
				CLANG_CXX_LIBRARY = "libc++";
				CLANG_ENABLE_MODULES = YES;
				CLANG_ENABLE_OBJC_ARC = YES;
				CLANG_ENABLE_OBJC_WEAK = YES;
				CLANG_WARN_BLOCK_CAPTURE_AUTORELEASING = YES;
				CLANG_WARN_BOOL_CONVERSION = YES;
				CLANG_WARN_COMMA = YES;
				CLANG_WARN_CONSTANT_CONVERSION = YES;
				CLANG_WARN_DEPRECATED_OBJC_IMPLEMENTATIONS = YES;
				CLANG_WARN_DIRECT_OBJC_ISA_USAGE = YES_ERROR;
				CLANG_WARN_DOCUMENTATION_COMMENTS = YES;
				CLANG_WARN_EMPTY_BODY = YES;
				CLANG_WARN_ENUM_CONVERSION = YES;
				CLANG_WARN_INFINITE_RECURSION = YES;
				CLANG_WARN_INT_CONVERSION = YES;
				CLANG_WARN_NON_LITERAL_NULL_CONVERSION = YES;
				CLANG_WARN_OBJC_IMPLICIT_RETAIN_SELF = YES;
				CLANG_WARN_OBJC_LITERAL_CONVERSION = YES;
				CLANG_WARN_OBJC_ROOT_CLASS = YES_ERROR;
				CLANG_WARN_RANGE_LOOP_ANALYSIS = YES;
				CLANG_WARN_STRICT_PROTOTYPES = YES;
				CLANG_WARN_SUSPICIOUS_MOVE = YES;
				CLANG_WARN_UNGUARDED_AVAILABILITY = YES_AGGRESSIVE;
				CLANG_WARN_UNREACHABLE_CODE = YES;
				CLANG_WARN__DUPLICATE_METHOD_MATCH = YES;
				COPY_PHASE_STRIP = NO;
				DEBUG_INFORMATION_FORMAT = "dwarf-with-dsym";
				ENABLE_NS_ASSERTIONS = NO;
				ENABLE_STRICT_OBJC_MSGSEND = YES;
				GCC_C_LANGUAGE_STANDARD = gnu11;
				GCC_NO_COMMON_BLOCKS = YES;
				GCC_WARN_64_TO_32_BIT_CONVERSION = YES;
				GCC_WARN_ABOUT_RETURN_TYPE = YES_ERROR;
				GCC_WARN_UNDECLARED_SELECTOR = YES;
				GCC_WARN_UNINITIALIZED_AUTOS = YES_AGGRESSIVE;
				GCC_WARN_UNUSED_FUNCTION = YES;
				GCC_WARN_UNUSED_VARIABLE = YES;
				IPHONEOS_DEPLOYMENT_TARGET = 13.4;
				MTL_ENABLE_DEBUG_INFO = NO;
				MTL_FAST_MATH = YES;
				SDKROOT = iphoneos;
				SWIFT_COMPILATION_MODE = wholemodule;
				SWIFT_OPTIMIZATION_LEVEL = "-O";
				VALIDATE_PRODUCT = YES;
			};
			name = Release;
		};
		735D2035245CBD1F00405CF9 /* Debug */ = {
			isa = XCBuildConfiguration;
			buildSettings = {
				ASSETCATALOG_COMPILER_APPICON_NAME = AppIcon;
				CODE_SIGN_STYLE = Automatic;
				DEVELOPMENT_TEAM = HSQ48H7AH6;
				INFOPLIST_FILE = JapaneseStudy/Info.plist;
				LD_RUNPATH_SEARCH_PATHS = (
					"$(inherited)",
					"@executable_path/Frameworks",
				);
				PRODUCT_BUNDLE_IDENTIFIER = com.taylormclaughlin.JapaneseStudy;
				PRODUCT_NAME = "$(TARGET_NAME)";
				SWIFT_VERSION = 5.0;
				TARGETED_DEVICE_FAMILY = "1,2";
			};
			name = Debug;
		};
		735D2036245CBD1F00405CF9 /* Release */ = {
			isa = XCBuildConfiguration;
			buildSettings = {
				ASSETCATALOG_COMPILER_APPICON_NAME = AppIcon;
				CODE_SIGN_STYLE = Automatic;
				DEVELOPMENT_TEAM = HSQ48H7AH6;
				INFOPLIST_FILE = JapaneseStudy/Info.plist;
				LD_RUNPATH_SEARCH_PATHS = (
					"$(inherited)",
					"@executable_path/Frameworks",
				);
				PRODUCT_BUNDLE_IDENTIFIER = com.taylormclaughlin.JapaneseStudy;
				PRODUCT_NAME = "$(TARGET_NAME)";
				SWIFT_VERSION = 5.0;
				TARGETED_DEVICE_FAMILY = "1,2";
			};
			name = Release;
		};
/* End XCBuildConfiguration section */

/* Begin XCConfigurationList section */
		735D2018245CBD1D00405CF9 /* Build configuration list for PBXProject "JapaneseStudy" */ = {
			isa = XCConfigurationList;
			buildConfigurations = (
				735D2032245CBD1F00405CF9 /* Debug */,
				735D2033245CBD1F00405CF9 /* Release */,
			);
			defaultConfigurationIsVisible = 0;
			defaultConfigurationName = Release;
		};
		735D2034245CBD1F00405CF9 /* Build configuration list for PBXNativeTarget "JapaneseStudy" */ = {
			isa = XCConfigurationList;
			buildConfigurations = (
				735D2035245CBD1F00405CF9 /* Debug */,
				735D2036245CBD1F00405CF9 /* Release */,
			);
			defaultConfigurationIsVisible = 0;
			defaultConfigurationName = Release;
		};
/* End XCConfigurationList section */

/* Begin XCVersionGroup section */
		735D2029245CBD1D00405CF9 /* JapaneseStudy.xcdatamodeld */ = {
			isa = XCVersionGroup;
			children = (
				735D202A245CBD1D00405CF9 /* JapaneseStudy.xcdatamodel */,
			);
			currentVersion = 735D202A245CBD1D00405CF9 /* JapaneseStudy.xcdatamodel */;
			path = JapaneseStudy.xcdatamodeld;
			sourceTree = "<group>";
			versionGroupType = wrapper.xcdatamodel;
		};
/* End XCVersionGroup section */
	};
	rootObject = 735D2015245CBD1D00405CF9 /* Project object */;
}
